
Microsoft Visual Studio Solution File, Format Version 12.00
# Visual Studio Version 16
VisualStudioVersion = 16.0.31321.278
MinimumVisualStudioVersion = 10.0.40219.1
Project("{D2ABAB84-BF74-430A-B69E-9DC6D40DDA17}") = "Question_05-07-13", "Question_05-07-13\Question_05-07-13.dwproj", "{DFCEB54F-E2B9-4C7F-B835-264A73EFD97B}"
EndProject
Global
	GlobalSection(SolutionConfigurationPlatforms) = preSolution
		Development|Default = Development|Default
	EndGlobalSection
	GlobalSection(ProjectConfigurationPlatforms) = postSolution
		{DFCEB54F-E2B9-4C7F-B835-264A73EFD97B}.Development|Default.ActiveCfg = Development
		{DFCEB54F-E2B9-4C7F-B835-264A73EFD97B}.Development|Default.Build.0 = Development
		{DFCEB54F-E2B9-4C7F-B835-264A73EFD97B}.Development|Default.Deploy.0 = Development
	EndGlobalSection
	GlobalSection(SolutionProperties) = preSolution
		HideSolutionNode = FALSE
	EndGlobalSection
	GlobalSection(ExtensibilityGlobals) = postSolution
		SolutionGuid = {7C6F96B2-5A08-4F0D-AC2C-9B516E2944EE}
	EndGlobalSection
EndGlobal
